{
  "object": {
    "pins": [
      {
        "package": "Utilities",
        "repositoryURL": "https://github.com/GeoffBurns/Utilities",
        "state": {
          "branch": null,
          "revision": "28a9e8ce7ab1e1c3c0c7d089cde92cb8ca283de5",
          "version": "0.1.4"
        }
      }
    ]
  },
  "version": 1
}
